
Microsoft Visual Studio Solution File, Format Version 12.00
# Visual Studio 15
VisualStudioVersion = 15.0.27004.2005
MinimumVisualStudioVersion = 10.0.40219.1
Project("{FAE04EC0-301F-11D3-BF4B-00C04F79EFBC}") = "WebDemo", "WebDemo\WebDemo.csproj", "{9F669702-9D1A-4410-B237-913664ADF096}"
EndProject
Global
	GlobalSection(SolutionConfigurationPlatforms) = preSolution
		Debug|Any CPU = Debug|Any CPU
		Release|Any CPU = Release|Any CPU
	EndGlobalSection
	GlobalSection(ProjectConfigurationPlatforms) = postSolution
		{9F669702-9D1A-4410-B237-913664ADF096}.Debug|Any CPU.ActiveCfg = Debug|Any CPU
		{9F669702-9D1A-4410-B237-913664ADF096}.Debug|Any CPU.Build.0 = Debug|Any CPU
		{9F669702-9D1A-4410-B237-913664ADF096}.Release|Any CPU.ActiveCfg = Release|Any CPU
		{9F669702-9D1A-4410-B237-913664ADF096}.Release|Any CPU.Build.0 = Release|Any CPU
	EndGlobalSection
	GlobalSection(SolutionProperties) = preSolution
		HideSolutionNode = FALSE
	EndGlobalSection
	GlobalSection(ExtensibilityGlobals) = postSolution
		SolutionGuid = {50D13887-1D9D-4752-BB99-8A5506FE934D}
	EndGlobalSection
EndGlobal
